
Microsoft Visual Studio Solution File, Format Version 10.00
# Visual Studio 2008
Project("{FAE04EC0-301F-11D3-BF4B-00C04F79EFBC}") = "myproject", "myproject\myproject.csproj", "{07B34F76-410A-46AD-991C-36363B18F35D}"
EndProject
Global
	GlobalSection(SolutionConfigurationPlatforms) = preSolution
		Debug|Any CPU = Debug|Any CPU
		Release|Any CPU = Release|Any CPU
	EndGlobalSection
	GlobalSection(ProjectConfigurationPlatforms) = postSolution
		{07B34F76-410A-46AD-991C-36363B18F35D}.Debug|Any CPU.ActiveCfg = Debug|Any CPU
		{07B34F76-410A-46AD-991C-36363B18F35D}.Debug|Any CPU.Build.0 = Debug|Any CPU
		{07B34F76-410A-46AD-991C-36363B18F35D}.Release|Any CPU.ActiveCfg = Release|Any CPU
		{07B34F76-410A-46AD-991C-36363B18F35D}.Release|Any CPU.Build.0 = Release|Any CPU
	EndGlobalSection
	GlobalSection(SolutionProperties) = preSolution
		HideSolutionNode = FALSE
	EndGlobalSection
EndGlobal
